
Microsoft Visual Studio Solution File, Format Version 12.00
# Visual Studio Version 17
VisualStudioVersion = 17.5.002.0
MinimumVisualStudioVersion = 10.0.40219.1
Project("{9A19103F-16F7-4668-BE54-9A1E7A4F7556}") = "Tarea03", "Tarea03.csproj", "{5CE58C0C-0ECF-4B3B-BB37-AE2BCD92FE2C}"
EndProject
Global
	GlobalSection(SolutionConfigurationPlatforms) = preSolution
		Debug|Any CPU = Debug|Any CPU
		Release|Any CPU = Release|Any CPU
	EndGlobalSection
	GlobalSection(ProjectConfigurationPlatforms) = postSolution
		{5CE58C0C-0ECF-4B3B-BB37-AE2BCD92FE2C}.Debug|Any CPU.ActiveCfg = Debug|Any CPU
		{5CE58C0C-0ECF-4B3B-BB37-AE2BCD92FE2C}.Debug|Any CPU.Build.0 = Debug|Any CPU
		{5CE58C0C-0ECF-4B3B-BB37-AE2BCD92FE2C}.Release|Any CPU.ActiveCfg = Release|Any CPU
		{5CE58C0C-0ECF-4B3B-BB37-AE2BCD92FE2C}.Release|Any CPU.Build.0 = Release|Any CPU
	EndGlobalSection
	GlobalSection(SolutionProperties) = preSolution
		HideSolutionNode = FALSE
	EndGlobalSection
	GlobalSection(ExtensibilityGlobals) = postSolution
		SolutionGuid = {D7951611-032A-4E46-BE7F-D95FF45840BA}
	EndGlobalSection
EndGlobal
